// !$*UTF8*$!
{
	archiveVersion = 1;
	classes = {
	};
	objectVersion = 46;
	objects = {

/* Begin PBXBuildFile section */
		CDDBA6731B305AEC008599AB /* AppDelegate.swift in Sources */ = {isa = PBXBuildFile; fileRef = CDDBA6721B305AEC008599AB /* AppDelegate.swift */; };
		CDDBA6751B305AEC008599AB /* ViewController.swift in Sources */ = {isa = PBXBuildFile; fileRef = CDDBA6741B305AEC008599AB /* ViewController.swift */; };
		CDDBA6781B305AEC008599AB /* Main.storyboard in Resources */ = {isa = PBXBuildFile; fileRef = CDDBA6761B305AEC008599AB /* Main.storyboard */; };
		CDDBA67A1B305AEC008599AB /* Images.xcassets in Resources */ = {isa = PBXBuildFile; fileRef = CDDBA6791B305AEC008599AB /* Images.xcassets */; };
		CDDBA67D1B305AEC008599AB /* LaunchScreen.xib in Resources */ = {isa = PBXBuildFile; fileRef = CDDBA67B1B305AEC008599AB /* LaunchScreen.xib */; };
		CDDBA6891B305AED008599AB /* MergeTests.swift in Sources */ = {isa = PBXBuildFile; fileRef = CDDBA6881B305AED008599AB /* MergeTests.swift */; };
/* End PBXBuildFile section */

/* Begin PBXContainerItemProxy section */
		CDDBA6831B305AED008599AB /* PBXContainerItemProxy */ = {
			isa = PBXContainerItemProxy;
			containerPortal = CDDBA6651B305AEC008599AB /* Project object */;
			proxyType = 1;
			remoteGlobalIDString = CDDBA66C1B305AEC008599AB;
			remoteInfo = Merge;
		};
/* End PBXContainerItemProxy section */

/* Begin PBXFileReference section */
		CDDBA66D1B305AEC008599AB /* Merge.app */ = {isa = PBXFileReference; explicitFileType = wrapper.application; includeInIndex = 0; path = Merge.app; sourceTree = BUILT_PRODUCTS_DIR; };
		CDDBA6711B305AEC008599AB /* Info.plist */ = {isa = PBXFileReference; lastKnownFileType = text.plist.xml; path = Info.plist; sourceTree = "<group>"; };
		CDDBA6721B305AEC008599AB /* AppDelegate.swift */ = {isa = PBXFileReference; lastKnownFileType = sourcecode.swift; path = AppDelegate.swift; sourceTree = "<group>"; };
		CDDBA6741B305AEC008599AB /* ViewController.swift */ = {isa = PBXFileReference; lastKnownFileType = sourcecode.swift; path = ViewController.swift; sourceTree = "<group>"; };
		CDDBA6771B305AEC008599AB /* Base */ = {isa = PBXFileReference; lastKnownFileType = file.storyboard; name = Base; path = Base.lproj/Main.storyboard; sourceTree = "<group>"; };
		CDDBA6791B305AEC008599AB /* Images.xcassets */ = {isa = PBXFileReference; lastKnownFileType = folder.assetcatalog; path = Images.xcassets; sourceTree = "<group>"; };
		CDDBA67C1B305AEC008599AB /* Base */ = {isa = PBXFileReference; lastKnownFileType = file.xib; name = Base; path = Base.lproj/LaunchScreen.xib; sourceTree = "<group>"; };
		CDDBA6821B305AED008599AB /* MergeTests.xctest */ = {isa = PBXFileReference; explicitFileType = wrapper.cfbundle; includeInIndex = 0; path = MergeTests.xctest; sourceTree = BUILT_PRODUCTS_DIR; };
		CDDBA6871B305AED008599AB /* Info.plist */ = {isa = PBXFileReference; lastKnownFileType = text.plist.xml; path = Info.plist; sourceTree = "<group>"; };
		CDDBA6881B305AED008599AB /* MergeTests.swift */ = {isa = PBXFileReference; lastKnownFileType = sourcecode.swift; path = MergeTests.swift; sourceTree = "<group>"; };
/* End PBXFileReference section */

/* Begin PBXFrameworksBuildPhase section */
		CDDBA66A1B305AEC008599AB /* Frameworks */ = {
			isa = PBXFrameworksBuildPhase;
			buildActionMask = 2147483647;
			files = (
			);
			runOnlyForDeploymentPostprocessing = 0;
		};
		CDDBA67F1B305AED008599AB /* Frameworks */ = {
			isa = PBXFrameworksBuildPhase;
			buildActionMask = 2147483647;
			files = (
			);
			runOnlyForDeploymentPostprocessing = 0;
		};
/* End PBXFrameworksBuildPhase section */

/* Begin PBXGroup section */
		CDDBA6641B305AEC008599AB = {
			isa = PBXGroup;
			children = (
				CDDBA66F1B305AEC008599AB /* Merge */,
				CDDBA6851B305AED008599AB /* MergeTests */,
				CDDBA66E1B305AEC008599AB /* Products */,
			);
			sourceTree = "<group>";
		};
		CDDBA66E1B305AEC008599AB /* Products */ = {
			isa = PBXGroup;
			children = (
				CDDBA66D1B305AEC008599AB /* Merge.app */,
				CDDBA6821B305AED008599AB /* MergeTests.xctest */,
			);
			name = Products;
			sourceTree = "<group>";
		};
		CDDBA66F1B305AEC008599AB /* Merge */ = {
			isa = PBXGroup;
			children = (
				CDDBA6721B305AEC008599AB /* AppDelegate.swift */,
				CDDBA6741B305AEC008599AB /* ViewController.swift */,
				CDDBA6761B305AEC008599AB /* Main.storyboard */,
				CDDBA6791B305AEC008599AB /* Images.xcassets */,
				CDDBA67B1B305AEC008599AB /* LaunchScreen.xib */,
				CDDBA6701B305AEC008599AB /* Supporting Files */,
			);
			path = Merge;
			sourceTree = "<group>";
		};
		CDDBA6701B305AEC008599AB /* Supporting Files */ = {
			isa = PBXGroup;
			children = (
				CDDBA6711B305AEC008599AB /* Info.plist */,
			);
			name = "Supporting Files";
			sourceTree = "<group>";
		};
		CDDBA6851B305AED008599AB /* MergeTests */ = {
			isa = PBXGroup;
			children = (
				CDDBA6881B305AED008599AB /* MergeTests.swift */,
				CDDBA6861B305AED008599AB /* Supporting Files */,
			);
			path = MergeTests;
			sourceTree = "<group>";
		};
		CDDBA6861B305AED008599AB /* Supporting Files */ = {
			isa = PBXGroup;
			children = (
				CDDBA6871B305AED008599AB /* Info.plist */,
			);
			name = "Supporting Files";
			sourceTree = "<group>";
		};
/* End PBXGroup section */

/* Begin PBXNativeTarget section */
		CDDBA66C1B305AEC008599AB /* Merge */ = {
			isa = PBXNativeTarget;
			buildConfigurationList = CDDBA68C1B305AED008599AB /* Build configuration list for PBXNativeTarget "Merge" */;
			buildPhases = (
				CDDBA6691B305AEC008599AB /* Sources */,
				CDDBA66A1B305AEC008599AB /* Frameworks */,
				CDDBA66B1B305AEC008599AB /* Resources */,
			);
			buildRules = (
			);
			dependencies = (
			);
			name = Merge;
			productName = Merge;
			productReference = CDDBA66D1B305AEC008599AB /* Merge.app */;
			productType = "com.apple.product-type.application";
		};
		CDDBA6811B305AED008599AB /* MergeTests */ = {
			isa = PBXNativeTarget;
			buildConfigurationList = CDDBA68F1B305AED008599AB /* Build configuration list for PBXNativeTarget "MergeTests" */;
			buildPhases = (
				CDDBA67E1B305AED008599AB /* Sources */,
				CDDBA67F1B305AED008599AB /* Frameworks */,
				CDDBA6801B305AED008599AB /* Resources */,
			);
			buildRules = (
			);
			dependencies = (
				CDDBA6841B305AED008599AB /* PBXTargetDependency */,
			);
			name = MergeTests;
			productName = MergeTests;
			productReference = CDDBA6821B305AED008599AB /* MergeTests.xctest */;
			productType = "com.apple.product-type.bundle.unit-test";
		};
/* End PBXNativeTarget section */

/* Begin PBXProject section */
		CDDBA6651B305AEC008599AB /* Project object */ = {
			isa = PBXProject;
			attributes = {
				LastUpgradeCheck = 0630;
				ORGANIZATIONNAME = "Whitney Lauren";
				TargetAttributes = {
					CDDBA66C1B305AEC008599AB = {
						CreatedOnToolsVersion = 6.3.2;
					};
					CDDBA6811B305AED008599AB = {
						CreatedOnToolsVersion = 6.3.2;
						TestTargetID = CDDBA66C1B305AEC008599AB;
					};
				};
			};
			buildConfigurationList = CDDBA6681B305AEC008599AB /* Build configuration list for PBXProject "Merge" */;
			compatibilityVersion = "Xcode 3.2";
			developmentRegion = English;
			hasScannedForEncodings = 0;
			knownRegions = (
				en,
				Base,
			);
			mainGroup = CDDBA6641B305AEC008599AB;
			productRefGroup = CDDBA66E1B305AEC008599AB /* Products */;
			projectDirPath = "";
			projectRoot = "";
			targets = (
				CDDBA66C1B305AEC008599AB /* Merge */,
				CDDBA6811B305AED008599AB /* MergeTests */,
			);
		};
/* End PBXProject section */

/* Begin PBXResourcesBuildPhase section */
		CDDBA66B1B305AEC008599AB /* Resources */ = {
			isa = PBXResourcesBuildPhase;
			buildActionMask = 2147483647;
			files = (
				CDDBA6781B305AEC008599AB /* Main.storyboard in Resources */,
				CDDBA67D1B305AEC008599AB /* LaunchScreen.xib in Resources */,
				CDDBA67A1B305AEC008599AB /* Images.xcassets in Resources */,
			);
			runOnlyForDeploymentPostprocessing = 0;
		};
		CDDBA6801B305AED008599AB /* Resources */ = {
			isa = PBXResourcesBuildPhase;
			buildActionMask = 2147483647;
			files = (
			);
			runOnlyForDeploymentPostprocessing = 0;
		};
/* End PBXResourcesBuildPhase section */

/* Begin PBXSourcesBuildPhase section */
		CDDBA6691B305AEC008599AB /* Sources */ = {
			isa = PBXSourcesBuildPhase;
			buildActionMask = 2147483647;
			files = (
				CDDBA6751B305AEC008599AB /* ViewController.swift in Sources */,
				CDDBA6731B305AEC008599AB /* AppDelegate.swift in Sources */,
			);
			runOnlyForDeploymentPostprocessing = 0;
		};
		CDDBA67E1B305AED008599AB /* Sources */ = {
			isa = PBXSourcesBuildPhase;
			buildActionMask = 2147483647;
			files = (
				CDDBA6891B305AED008599AB /* MergeTests.swift in Sources */,
			);
			runOnlyForDeploymentPostprocessing = 0;
		};
/* End PBXSourcesBuildPhase section */

/* Begin PBXTargetDependency section */
		CDDBA6841B305AED008599AB /* PBXTargetDependency */ = {
			isa = PBXTargetDependency;
			target = CDDBA66C1B305AEC008599AB /* Merge */;
			targetProxy = CDDBA6831B305AED008599AB /* PBXContainerItemProxy */;
		};
/* End PBXTargetDependency section */

/* Begin PBXVariantGroup section */
		CDDBA6761B305AEC008599AB /* Main.storyboard */ = {
			isa = PBXVariantGroup;
			children = (
				CDDBA6771B305AEC008599AB /* Base */,
			);
			name = Main.storyboard;
			sourceTree = "<group>";
		};
		CDDBA67B1B305AEC008599AB /* LaunchScreen.xib */ = {
			isa = PBXVariantGroup;
			children = (
				CDDBA67C1B305AEC008599AB /* Base */,
			);
			name = LaunchScreen.xib;
			sourceTree = "<group>";
		};
/* End PBXVariantGroup section */

/* Begin XCBuildConfiguration section */
		CDDBA68A1B305AED008599AB /* Debug */ = {
			isa = XCBuildConfiguration;
			buildSettings = {
				ALWAYS_SEARCH_USER_PATHS = NO;
				CLANG_CXX_LANGUAGE_STANDARD = "gnu++0x";
				CLANG_CXX_LIBRARY = "libc++";
				CLANG_ENABLE_MODULES = YES;
				CLANG_ENABLE_OBJC_ARC = YES;
				CLANG_WARN_BOOL_CONVERSION = YES;
				CLANG_WARN_CONSTANT_CONVERSION = YES;
				CLANG_WARN_DIRECT_OBJC_ISA_USAGE = YES_ERROR;
				CLANG_WARN_EMPTY_BODY = YES;
				CLANG_WARN_ENUM_CONVERSION = YES;
				CLANG_WARN_INT_CONVERSION = YES;
				CLANG_WARN_OBJC_ROOT_CLASS = YES_ERROR;
				CLANG_WARN_UNREACHABLE_CODE = YES;
				CLANG_WARN__DUPLICATE_METHOD_MATCH = YES;
				"CODE_SIGN_IDENTITY[sdk=iphoneos*]" = "iPhone Developer";
				COPY_PHASE_STRIP = NO;
				DEBUG_INFORMATION_FORMAT = "dwarf-with-dsym";
				ENABLE_STRICT_OBJC_MSGSEND = YES;
				GCC_C_LANGUAGE_STANDARD = gnu99;
				GCC_DYNAMIC_NO_PIC = NO;
				GCC_NO_COMMON_BLOCKS = YES;
				GCC_OPTIMIZATION_LEVEL = 0;
				GCC_PREPROCESSOR_DEFINITIONS = (
					"DEBUG=1",
					"$(inherited)",
				);
				GCC_SYMBOLS_PRIVATE_EXTERN = NO;
				GCC_WARN_64_TO_32_BIT_CONVERSION = YES;
				GCC_WARN_ABOUT_RETURN_TYPE = YES_ERROR;
				GCC_WARN_UNDECLARED_SELECTOR = YES;
				GCC_WARN_UNINITIALIZED_AUTOS = YES_AGGRESSIVE;
				GCC_WARN_UNUSED_FUNCTION = YES;
				GCC_WARN_UNUSED_VARIABLE = YES;
				IPHONEOS_DEPLOYMENT_TARGET = 8.3;
				MTL_ENABLE_DEBUG_INFO = YES;
				ONLY_ACTIVE_ARCH = YES;
				SDKROOT = iphoneos;
				SWIFT_OPTIMIZATION_LEVEL = "-Onone";
			};
			name = Debug;
		};
		CDDBA68B1B305AED008599AB /* Release */ = {
			isa = XCBuildConfiguration;
			buildSettings = {
				ALWAYS_SEARCH_USER_PATHS = NO;
				CLANG_CXX_LANGUAGE_STANDARD = "gnu++0x";
				CLANG_CXX_LIBRARY = "libc++";
				CLANG_ENABLE_MODULES = YES;
				CLANG_ENABLE_OBJC_ARC = YES;
				CLANG_WARN_BOOL_CONVERSION = YES;
				CLANG_WARN_CONSTANT_CONVERSION = YES;
				CLANG_WARN_DIRECT_OBJC_ISA_USAGE = YES_ERROR;
				CLANG_WARN_EMPTY_BODY = YES;
				CLANG_WARN_ENUM_CONVERSION = YES;
				CLANG_WARN_INT_CONVERSION = YES;
				CLANG_WARN_OBJC_ROOT_CLASS = YES_ERROR;
				CLANG_WARN_UNREACHABLE_CODE = YES;
				CLANG_WARN__DUPLICATE_METHOD_MATCH = YES;
				"CODE_SIGN_IDENTITY[sdk=iphoneos*]" = "iPhone Developer";
				COPY_PHASE_STRIP = NO;
				DEBUG_INFORMATION_FORMAT = "dwarf-with-dsym";
				ENABLE_NS_ASSERTIONS = NO;
				ENABLE_STRICT_OBJC_MSGSEND = YES;
				GCC_C_LANGUAGE_STANDARD = gnu99;
				GCC_NO_COMMON_BLOCKS = YES;
				GCC_WARN_64_TO_32_BIT_CONVERSION = YES;
				GCC_WARN_ABOUT_RETURN_TYPE = YES_ERROR;
				GCC_WARN_UNDECLARED_SELECTOR = YES;
				GCC_WARN_UNINITIALIZED_AUTOS = YES_AGGRESSIVE;
				GCC_WARN_UNUSED_FUNCTION = YES;
				GCC_WARN_UNUSED_VARIABLE = YES;
				IPHONEOS_DEPLOYMENT_TARGET = 8.3;
				MTL_ENABLE_DEBUG_INFO = NO;
				SDKROOT = iphoneos;
				VALIDATE_PRODUCT = YES;
			};
			name = Release;
		};
		CDDBA68D1B305AED008599AB /* Debug */ = {
			isa = XCBuildConfiguration;
			buildSettings = {
				ASSETCATALOG_COMPILER_APPICON_NAME = AppIcon;
				INFOPLIST_FILE = Merge/Info.plist;
				LD_RUNPATH_SEARCH_PATHS = "$(inherited) @executable_path/Frameworks";
				PRODUCT_NAME = "$(TARGET_NAME)";
			};
			name = Debug;
		};
		CDDBA68E1B305AED008599AB /* Release */ = {
			isa = XCBuildConfiguration;
			buildSettings = {
				ASSETCATALOG_COMPILER_APPICON_NAME = AppIcon;
				INFOPLIST_FILE = Merge/Info.plist;
				LD_RUNPATH_SEARCH_PATHS = "$(inherited) @executable_path/Frameworks";
				PRODUCT_NAME = "$(TARGET_NAME)";
			};
			name = Release;
		};
		CDDBA6901B305AED008599AB /* Debug */ = {
			isa = XCBuildConfiguration;
			buildSettings = {
				BUNDLE_LOADER = "$(TEST_HOST)";
				FRAMEWORK_SEARCH_PATHS = (
					"$(SDKROOT)/Developer/Library/Frameworks",
					"$(inherited)",
				);
				GCC_PREPROCESSOR_DEFINITIONS = (
					"DEBUG=1",
					"$(inherited)",
				);
				INFOPLIST_FILE = MergeTests/Info.plist;
				LD_RUNPATH_SEARCH_PATHS = "$(inherited) @executable_path/Frameworks @loader_path/Frameworks";
				PRODUCT_NAME = "$(TARGET_NAME)";
				TEST_HOST = "$(BUILT_PRODUCTS_DIR)/Merge.app/Merge";
			};
			name = Debug;
		};
		CDDBA6911B305AED008599AB /* Release */ = {
			isa = XCBuildConfiguration;
			buildSettings = {
				BUNDLE_LOADER = "$(TEST_HOST)";
				FRAMEWORK_SEARCH_PATHS = (
					"$(SDKROOT)/Developer/Library/Frameworks",
					"$(inherited)",
				);
				INFOPLIST_FILE = MergeTests/Info.plist;
				LD_RUNPATH_SEARCH_PATHS = "$(inherited) @executable_path/Frameworks @loader_path/Frameworks";
				PRODUCT_NAME = "$(TARGET_NAME)";
				TEST_HOST = "$(BUILT_PRODUCTS_DIR)/Merge.app/Merge";
			};
			name = Release;
		};
/* End XCBuildConfiguration section */

/* Begin XCConfigurationList section */
		CDDBA6681B305AEC008599AB /* Build configuration list for PBXProject "Merge" */ = {
			isa = XCConfigurationList;
			buildConfigurations = (
				CDDBA68A1B305AED008599AB /* Debug */,
				CDDBA68B1B305AED008599AB /* Release */,
			);
			defaultConfigurationIsVisible = 0;
			defaultConfigurationName = Release;
		};
		CDDBA68C1B305AED008599AB /* Build configuration list for PBXNativeTarget "Merge" */ = {
			isa = XCConfigurationList;
			buildConfigurations = (
				CDDBA68D1B305AED008599AB /* Debug */,
				CDDBA68E1B305AED008599AB /* Release */,
			);
			defaultConfigurationIsVisible = 0;
		};
		CDDBA68F1B305AED008599AB /* Build configuration list for PBXNativeTarget "MergeTests" */ = {
			isa = XCConfigurationList;
			buildConfigurations = (
				CDDBA6901B305AED008599AB /* Debug */,
				CDDBA6911B305AED008599AB /* Release */,
			);
			defaultConfigurationIsVisible = 0;
		};
/* End XCConfigurationList section */
	};
	rootObject = CDDBA6651B305AEC008599AB /* Project object */;
}
